
Microsoft Visual Studio Solution File, Format Version 12.00
# Visual Studio Version 17
VisualStudioVersion = 17.11.35327.3
MinimumVisualStudioVersion = 10.0.40219.1
Project("{FAE04EC0-301F-11D3-BF4B-00C04F79EFBC}") = "SystemBackend", "SystemBackend.csproj", "{51238C23-A5A5-40F4-A689-F6E3602904CC}"
EndProject
Global
	GlobalSection(SolutionConfigurationPlatforms) = preSolution
		Debug|Any CPU = Debug|Any CPU
		Release|Any CPU = Release|Any CPU
	EndGlobalSection
	GlobalSection(ProjectConfigurationPlatforms) = postSolution
		{51238C23-A5A5-40F4-A689-F6E3602904CC}.Debug|Any CPU.ActiveCfg = Debug|Any CPU
		{51238C23-A5A5-40F4-A689-F6E3602904CC}.Debug|Any CPU.Build.0 = Debug|Any CPU
		{51238C23-A5A5-40F4-A689-F6E3602904CC}.Release|Any CPU.ActiveCfg = Release|Any CPU
		{51238C23-A5A5-40F4-A689-F6E3602904CC}.Release|Any CPU.Build.0 = Release|Any CPU
	EndGlobalSection
	GlobalSection(SolutionProperties) = preSolution
		HideSolutionNode = FALSE
	EndGlobalSection
	GlobalSection(ExtensibilityGlobals) = postSolution
		SolutionGuid = {D93ACFCE-2F67-4D9F-BE1F-7124D7ADDC6D}
	EndGlobalSection
EndGlobal
